
Microsoft Visual Studio Solution File, Format Version 12.00
# Visual Studio Version 16
VisualStudioVersion = 16.0.29920.165
MinimumVisualStudioVersion = 10.0.40219.1
Project("{888888A0-9F3D-457C-B088-3A5042F75D52}") = "tugasmodul4", "tugasmodul4\tugasmodul4.pyproj", "{1DDFAB3B-DE98-4BF0-8536-FC198D262B10}"
EndProject
Global
	GlobalSection(SolutionConfigurationPlatforms) = preSolution
		Debug|Any CPU = Debug|Any CPU
		Release|Any CPU = Release|Any CPU
	EndGlobalSection
	GlobalSection(ProjectConfigurationPlatforms) = postSolution
		{1DDFAB3B-DE98-4BF0-8536-FC198D262B10}.Debug|Any CPU.ActiveCfg = Debug|Any CPU
		{1DDFAB3B-DE98-4BF0-8536-FC198D262B10}.Release|Any CPU.ActiveCfg = Release|Any CPU
	EndGlobalSection
	GlobalSection(SolutionProperties) = preSolution
		HideSolutionNode = FALSE
	EndGlobalSection
	GlobalSection(ExtensibilityGlobals) = postSolution
		SolutionGuid = {42431DDB-D87D-481D-8893-156B513EFCF3}
	EndGlobalSection
EndGlobal
